<?xml version="1.0" encoding="UTF-8" standalone="yes" ?>
<CodeBlocks_project_file>
	<FileVersion major="1" minor="6" />
	<Project>
		<Option title="Princess and the Dystopia" />
		<Option pch_mode="2" />
		<Option compiler="gcc" />
		<Build>
			<Target title="Debug">
				<Option output="bin/Debug/Princess and the Dystopia" prefix_auto="1" extension_auto="1" />
				<Option object_output="obj/Debug/" />
				<Option type="1" />
				<Option compiler="gcc" />
				<Compiler>
					<Add option="-g" />
					<Add directory="include" />
				</Compiler>
				<Linker>
					<Add library="sfml-graphics-d" />
					<Add library="sfml-window-d" />
					<Add library="sfml-system-d" />
					<Add library="sfml-audio-d" />
				</Linker>
			</Target>
			<Target title="Release">
				<Option output="bin/Release/Princess and the Dystopia" prefix_auto="1" extension_auto="1" />
				<Option object_output="obj/Release/" />
				<Option type="0" />
				<Option compiler="gcc" />
				<Compiler>
					<Add option="-O2" />
					<Add directory="include" />
				</Compiler>
				<Linker>
					<Add option="-s" />
					<Add library="sfml-graphics" />
					<Add library="sfml-window" />
					<Add library="sfml-system" />
					<Add library="sfml-audio" />
				</Linker>
			</Target>
		</Build>
		<Compiler>
			<Add option="-Wall" />
			<Add directory="C:/CodeBlocks/SFML/include" />
		</Compiler>
		<Linker>
			<Add library="mingw32" />
			<Add library="user32" />
			<Add library="gdi32" />
			<Add library="winmm" />
			<Add library="dxguid" />
			<Add directory="C:/CodeBlocks/SFML/lib" />
		</Linker>
		<Unit filename="cb.bmp" />
		<Unit filename="include/Animation.h" />
		<Unit filename="include/AssetManager.h" />
		<Unit filename="include/AttackThorn.h" />
		<Unit filename="include/BarrierUp.h" />
		<Unit filename="include/Bullet.h" />
		<Unit filename="include/Caution.h" />
		<Unit filename="include/Collision.h" />
		<Unit filename="include/DEFINITION.h" />
		<Unit filename="include/Encounter.h" />
		<Unit filename="include/EnemyLevel1.h" />
		<Unit filename="include/EnemyLevel2.h" />
		<Unit filename="include/Entity.h" />
		<Unit filename="include/Explosion.h" />
		<Unit filename="include/Flash.h" />
		<Unit filename="include/Floor.h" />
		<Unit filename="include/Game.h" />
		<Unit filename="include/GameOverState.h" />
		<Unit filename="include/GameState.h" />
		<Unit filename="include/GuideState.h" />
		<Unit filename="include/HeadUpDisplay.h" />
		<Unit filename="include/Hp.h" />
		<Unit filename="include/InputManager.h" />
		<Unit filename="include/LeaderBoardState.h" />
		<Unit filename="include/MainMenuState.h" />
		<Unit filename="include/Player.h" />
		<Unit filename="include/Rock.h" />
		<Unit filename="include/SplashState.h" />
		<Unit filename="include/State.h" />
		<Unit filename="include/StateMachine.h" />
		<Unit filename="include/Thorn.h" />
		<Unit filename="include/WinnerState.h" />
		<Unit filename="main.cpp" />
		<Unit filename="src/Animation.cpp" />
		<Unit filename="src/AssetManager.cpp" />
		<Unit filename="src/AttackThorn.cpp" />
		<Unit filename="src/BarrierUp.cpp" />
		<Unit filename="src/Bullet.cpp" />
		<Unit filename="src/Caution.cpp" />
		<Unit filename="src/Collision.cpp" />
		<Unit filename="src/Encounter.cpp" />
		<Unit filename="src/EnemyLevel1.cpp" />
		<Unit filename="src/EnemyLevel2.cpp" />
		<Unit filename="src/Entity.cpp" />
		<Unit filename="src/Explosion.cpp" />
		<Unit filename="src/Flash.cpp" />
		<Unit filename="src/Floor.cpp" />
		<Unit filename="src/Game.cpp" />
		<Unit filename="src/GameOverState.cpp" />
		<Unit filename="src/GameState.cpp" />
		<Unit filename="src/GuideState.cpp" />
		<Unit filename="src/HeadUpDisplay.cpp" />
		<Unit filename="src/Hp.cpp" />
		<Unit filename="src/InputManager.cpp" />
		<Unit filename="src/LeaderBoardState.cpp" />
		<Unit filename="src/MainMenuState.cpp" />
		<Unit filename="src/Player.cpp" />
		<Unit filename="src/Rock.cpp" />
		<Unit filename="src/SplashState.cpp" />
		<Unit filename="src/StateMachine.cpp" />
		<Unit filename="src/Thorn.cpp" />
		<Unit filename="src/WinnerState.cpp" />
		<Extensions>
			<lib_finder disable_auto="1" />
		</Extensions>
	</Project>
</CodeBlocks_project_file>
